
Microsoft Visual Studio Solution File, Format Version 12.00
# Visual Studio 15
VisualStudioVersion = 15.0.28307.421
MinimumVisualStudioVersion = 10.0.40219.1
Project("{FAE04EC0-301F-11D3-BF4B-00C04F79EFBC}") = "Proyecto Final 6", "Proyecto Final 6\Proyecto Final 6.csproj", "{22A9F0EE-60DB-46A0-8868-5C24A5AECB5B}"
EndProject
Global
	GlobalSection(SolutionConfigurationPlatforms) = preSolution
		Debug|Any CPU = Debug|Any CPU
		Release|Any CPU = Release|Any CPU
	EndGlobalSection
	GlobalSection(ProjectConfigurationPlatforms) = postSolution
		{22A9F0EE-60DB-46A0-8868-5C24A5AECB5B}.Debug|Any CPU.ActiveCfg = Debug|Any CPU
		{22A9F0EE-60DB-46A0-8868-5C24A5AECB5B}.Debug|Any CPU.Build.0 = Debug|Any CPU
		{22A9F0EE-60DB-46A0-8868-5C24A5AECB5B}.Release|Any CPU.ActiveCfg = Release|Any CPU
		{22A9F0EE-60DB-46A0-8868-5C24A5AECB5B}.Release|Any CPU.Build.0 = Release|Any CPU
	EndGlobalSection
	GlobalSection(SolutionProperties) = preSolution
		HideSolutionNode = FALSE
	EndGlobalSection
	GlobalSection(ExtensibilityGlobals) = postSolution
		SolutionGuid = {D926B1B1-8080-4850-9BD6-A2DB88316549}
	EndGlobalSection
EndGlobal
